
Microsoft Visual Studio Solution File, Format Version 12.00
# Visual Studio Version 16
VisualStudioVersion = 16.0.30406.217
MinimumVisualStudioVersion = 10.0.40219.1
Project("{FAE04EC0-301F-11D3-BF4B-00C04F79EFBC}") = "Formula1", "Formula1.csproj", "{71C0FC05-130D-4DAC-86F5-4F2726186041}"
EndProject
Global
	GlobalSection(SolutionConfigurationPlatforms) = preSolution
		Debug|Any CPU = Debug|Any CPU
		Release|Any CPU = Release|Any CPU
	EndGlobalSection
	GlobalSection(ProjectConfigurationPlatforms) = postSolution
		{71C0FC05-130D-4DAC-86F5-4F2726186041}.Debug|Any CPU.ActiveCfg = Debug|Any CPU
		{71C0FC05-130D-4DAC-86F5-4F2726186041}.Debug|Any CPU.Build.0 = Debug|Any CPU
		{71C0FC05-130D-4DAC-86F5-4F2726186041}.Release|Any CPU.ActiveCfg = Release|Any CPU
		{71C0FC05-130D-4DAC-86F5-4F2726186041}.Release|Any CPU.Build.0 = Release|Any CPU
	EndGlobalSection
	GlobalSection(SolutionProperties) = preSolution
		HideSolutionNode = FALSE
	EndGlobalSection
	GlobalSection(ExtensibilityGlobals) = postSolution
		SolutionGuid = {3A14CB8C-28C2-4CD8-948A-60F1B645A603}
	EndGlobalSection
EndGlobal
